// !$*UTF8*$!
{
	archiveVersion = 1;
	classes = {
	};
	objectVersion = 56;
	objects = {

/* Begin PBXBuildFile section */
		FAA61D7B2C0167A600C8682F /* SimpleNFCApp.swift in Sources */ = {isa = PBXBuildFile; fileRef = FAA61D7A2C0167A600C8682F /* SimpleNFCApp.swift */; };
		FAA61D7D2C0167A600C8682F /* HomeView.swift in Sources */ = {isa = PBXBuildFile; fileRef = FAA61D7C2C0167A600C8682F /* HomeView.swift */; };
		FAA61D7F2C0167A800C8682F /* Assets.xcassets in Resources */ = {isa = PBXBuildFile; fileRef = FAA61D7E2C0167A800C8682F /* Assets.xcassets */; };
		FAA61D822C0167A800C8682F /* Preview Assets.xcassets in Resources */ = {isa = PBXBuildFile; fileRef = FAA61D812C0167A800C8682F /* Preview Assets.xcassets */; };
		FAA61D842C0167A800C8682F /* Persistence.swift in Sources */ = {isa = PBXBuildFile; fileRef = FAA61D832C0167A800C8682F /* Persistence.swift */; };
		FAA61D872C0167A800C8682F /* SimpleNFC.xcdatamodeld in Sources */ = {isa = PBXBuildFile; fileRef = FAA61D852C0167A800C8682F /* SimpleNFC.xcdatamodeld */; };
		FAA61D922C01A77800C8682F /* HomeViewModel.swift in Sources */ = {isa = PBXBuildFile; fileRef = FAA61D912C01A77800C8682F /* HomeViewModel.swift */; };
		FAA61D942C01A9B800C8682F /* Alert.swift in Sources */ = {isa = PBXBuildFile; fileRef = FAA61D932C01A9B800C8682F /* Alert.swift */; };
		FAA61D982C04504500C8682F /* ToggleModeView.swift in Sources */ = {isa = PBXBuildFile; fileRef = FAA61D972C04504500C8682F /* ToggleModeView.swift */; };
		FAA61DA12C0667EF00C8682F /* XDismissButton.swift in Sources */ = {isa = PBXBuildFile; fileRef = FAA61DA02C0667EF00C8682F /* XDismissButton.swift */; };
		FAA61DA32C066C6300C8682F /* DetailedNFCView.swift in Sources */ = {isa = PBXBuildFile; fileRef = FAA61DA22C066C6300C8682F /* DetailedNFCView.swift */; };
		FAA61DA52C066DDB00C8682F /* MockData.swift in Sources */ = {isa = PBXBuildFile; fileRef = FAA61DA42C066DDB00C8682F /* MockData.swift */; };
		FAA61DA82C06839A00C8682F /* DetailedNFCViewModel.swift in Sources */ = {isa = PBXBuildFile; fileRef = FAA61DA72C06839A00C8682F /* DetailedNFCViewModel.swift */; };
		FAA61DAD2C068F5100C8682F /* NFCDataCellView.swift in Sources */ = {isa = PBXBuildFile; fileRef = FAA61DAC2C068F5100C8682F /* NFCDataCellView.swift */; };
		FAA61DB02C06A6A600C8682F /* CurrentNDEFMessage.swift in Sources */ = {isa = PBXBuildFile; fileRef = FAA61DAF2C06A6A600C8682F /* CurrentNDEFMessage.swift */; };
		FAA61DB22C07DFBE00C8682F /* EmptyStateView.swift in Sources */ = {isa = PBXBuildFile; fileRef = FAA61DB12C07DFBE00C8682F /* EmptyStateView.swift */; };
/* End PBXBuildFile section */

/* Begin PBXFileReference section */
		FAA61D772C0167A600C8682F /* SimpleNFC.app */ = {isa = PBXFileReference; explicitFileType = wrapper.application; includeInIndex = 0; path = SimpleNFC.app; sourceTree = BUILT_PRODUCTS_DIR; };
		FAA61D7A2C0167A600C8682F /* SimpleNFCApp.swift */ = {isa = PBXFileReference; lastKnownFileType = sourcecode.swift; path = SimpleNFCApp.swift; sourceTree = "<group>"; };
		FAA61D7C2C0167A600C8682F /* HomeView.swift */ = {isa = PBXFileReference; lastKnownFileType = sourcecode.swift; path = HomeView.swift; sourceTree = "<group>"; };
		FAA61D7E2C0167A800C8682F /* Assets.xcassets */ = {isa = PBXFileReference; lastKnownFileType = folder.assetcatalog; path = Assets.xcassets; sourceTree = "<group>"; };
		FAA61D812C0167A800C8682F /* Preview Assets.xcassets */ = {isa = PBXFileReference; lastKnownFileType = folder.assetcatalog; path = "Preview Assets.xcassets"; sourceTree = "<group>"; };
		FAA61D832C0167A800C8682F /* Persistence.swift */ = {isa = PBXFileReference; lastKnownFileType = sourcecode.swift; path = Persistence.swift; sourceTree = "<group>"; };
		FAA61D862C0167A800C8682F /* SimpleNFC.xcdatamodel */ = {isa = PBXFileReference; lastKnownFileType = wrapper.xcdatamodel; path = SimpleNFC.xcdatamodel; sourceTree = "<group>"; };
		FAA61D8F2C0174AA00C8682F /* SimpleNFC.entitlements */ = {isa = PBXFileReference; lastKnownFileType = text.plist.entitlements; path = SimpleNFC.entitlements; sourceTree = "<group>"; };
		FAA61D902C0174C000C8682F /* Info.plist */ = {isa = PBXFileReference; lastKnownFileType = text.plist; path = Info.plist; sourceTree = "<group>"; };
		FAA61D912C01A77800C8682F /* HomeViewModel.swift */ = {isa = PBXFileReference; lastKnownFileType = sourcecode.swift; path = HomeViewModel.swift; sourceTree = "<group>"; };
		FAA61D932C01A9B800C8682F /* Alert.swift */ = {isa = PBXFileReference; lastKnownFileType = sourcecode.swift; path = Alert.swift; sourceTree = "<group>"; };
		FAA61D972C04504500C8682F /* ToggleModeView.swift */ = {isa = PBXFileReference; lastKnownFileType = sourcecode.swift; path = ToggleModeView.swift; sourceTree = "<group>"; };
		FAA61DA02C0667EF00C8682F /* XDismissButton.swift */ = {isa = PBXFileReference; lastKnownFileType = sourcecode.swift; path = XDismissButton.swift; sourceTree = "<group>"; };
		FAA61DA22C066C6300C8682F /* DetailedNFCView.swift */ = {isa = PBXFileReference; lastKnownFileType = sourcecode.swift; path = DetailedNFCView.swift; sourceTree = "<group>"; };
		FAA61DA42C066DDB00C8682F /* MockData.swift */ = {isa = PBXFileReference; lastKnownFileType = sourcecode.swift; path = MockData.swift; sourceTree = "<group>"; };
		FAA61DA72C06839A00C8682F /* DetailedNFCViewModel.swift */ = {isa = PBXFileReference; lastKnownFileType = sourcecode.swift; path = DetailedNFCViewModel.swift; sourceTree = "<group>"; };
		FAA61DAC2C068F5100C8682F /* NFCDataCellView.swift */ = {isa = PBXFileReference; lastKnownFileType = sourcecode.swift; path = NFCDataCellView.swift; sourceTree = "<group>"; };
		FAA61DAF2C06A6A600C8682F /* CurrentNDEFMessage.swift */ = {isa = PBXFileReference; lastKnownFileType = sourcecode.swift; path = CurrentNDEFMessage.swift; sourceTree = "<group>"; };
		FAA61DB12C07DFBE00C8682F /* EmptyStateView.swift */ = {isa = PBXFileReference; lastKnownFileType = sourcecode.swift; path = EmptyStateView.swift; sourceTree = "<group>"; };
/* End PBXFileReference section */

/* Begin PBXFrameworksBuildPhase section */
		FAA61D742C0167A600C8682F /* Frameworks */ = {
			isa = PBXFrameworksBuildPhase;
			buildActionMask = 2147483647;
			files = (
			);
			runOnlyForDeploymentPostprocessing = 0;
		};
/* End PBXFrameworksBuildPhase section */

/* Begin PBXGroup section */
		FAA61D6E2C0167A600C8682F = {
			isa = PBXGroup;
			children = (
				FAA61D792C0167A600C8682F /* SimpleNFC */,
				FAA61D782C0167A600C8682F /* Products */,
			);
			sourceTree = "<group>";
		};
		FAA61D782C0167A600C8682F /* Products */ = {
			isa = PBXGroup;
			children = (
				FAA61D772C0167A600C8682F /* SimpleNFC.app */,
			);
			name = Products;
			sourceTree = "<group>";
		};
		FAA61D792C0167A600C8682F /* SimpleNFC */ = {
			isa = PBXGroup;
			children = (
				FAA61DAE2C06A69800C8682F /* Models */,
				FAA61DAA2C06891200C8682F /* Utilities */,
				FAA61D9E2C0667D600C8682F /* Views */,
				FAA61D992C045A4000C8682F /* Screens */,
				FAA61D902C0174C000C8682F /* Info.plist */,
				FAA61D8F2C0174AA00C8682F /* SimpleNFC.entitlements */,
				FAA61D7A2C0167A600C8682F /* SimpleNFCApp.swift */,
				FAA61DA42C066DDB00C8682F /* MockData.swift */,
				FAA61D7E2C0167A800C8682F /* Assets.xcassets */,
				FAA61D832C0167A800C8682F /* Persistence.swift */,
				FAA61D852C0167A800C8682F /* SimpleNFC.xcdatamodeld */,
				FAA61D802C0167A800C8682F /* Preview Content */,
			);
			path = SimpleNFC;
			sourceTree = "<group>";
		};
		FAA61D802C0167A800C8682F /* Preview Content */ = {
			isa = PBXGroup;
			children = (
				FAA61D812C0167A800C8682F /* Preview Assets.xcassets */,
			);
			path = "Preview Content";
			sourceTree = "<group>";
		};
		FAA61D992C045A4000C8682F /* Screens */ = {
			isa = PBXGroup;
			children = (
				FAA61DA62C06838900C8682F /* DetailedNFCView */,
				FAA61D9A2C045A4700C8682F /* HomeView */,
			);
			path = Screens;
			sourceTree = "<group>";
		};
		FAA61D9A2C045A4700C8682F /* HomeView */ = {
			isa = PBXGroup;
			children = (
				FAA61D912C01A77800C8682F /* HomeViewModel.swift */,
				FAA61D7C2C0167A600C8682F /* HomeView.swift */,
				FAA61DAC2C068F5100C8682F /* NFCDataCellView.swift */,
			);
			path = HomeView;
			sourceTree = "<group>";
		};
		FAA61D9E2C0667D600C8682F /* Views */ = {
			isa = PBXGroup;
			children = (
				FAA61D9F2C0667DB00C8682F /* Buttons */,
				FAA61D972C04504500C8682F /* ToggleModeView.swift */,
				FAA61DB12C07DFBE00C8682F /* EmptyStateView.swift */,
			);
			path = Views;
			sourceTree = "<group>";
		};
		FAA61D9F2C0667DB00C8682F /* Buttons */ = {
			isa = PBXGroup;
			children = (
				FAA61DA02C0667EF00C8682F /* XDismissButton.swift */,
			);
			path = Buttons;
			sourceTree = "<group>";
		};
		FAA61DA62C06838900C8682F /* DetailedNFCView */ = {
			isa = PBXGroup;
			children = (
				FAA61DA72C06839A00C8682F /* DetailedNFCViewModel.swift */,
				FAA61DA22C066C6300C8682F /* DetailedNFCView.swift */,
			);
			path = DetailedNFCView;
			sourceTree = "<group>";
		};
		FAA61DAA2C06891200C8682F /* Utilities */ = {
			isa = PBXGroup;
			children = (
				FAA61DAB2C06891700C8682F /* Alert */,
			);
			path = Utilities;
			sourceTree = "<group>";
		};
		FAA61DAB2C06891700C8682F /* Alert */ = {
			isa = PBXGroup;
			children = (
				FAA61D932C01A9B800C8682F /* Alert.swift */,
			);
			path = Alert;
			sourceTree = "<group>";
		};
		FAA61DAE2C06A69800C8682F /* Models */ = {
			isa = PBXGroup;
			children = (
				FAA61DAF2C06A6A600C8682F /* CurrentNDEFMessage.swift */,
			);
			path = Models;
			sourceTree = "<group>";
		};
/* End PBXGroup section */

/* Begin PBXNativeTarget section */
		FAA61D762C0167A600C8682F /* SimpleNFC */ = {
			isa = PBXNativeTarget;
			buildConfigurationList = FAA61D8A2C0167A800C8682F /* Build configuration list for PBXNativeTarget "SimpleNFC" */;
			buildPhases = (
				FAA61D732C0167A600C8682F /* Sources */,
				FAA61D742C0167A600C8682F /* Frameworks */,
				FAA61D752C0167A600C8682F /* Resources */,
			);
			buildRules = (
			);
			dependencies = (
			);
			name = SimpleNFC;
			productName = SimpleNFC;
			productReference = FAA61D772C0167A600C8682F /* SimpleNFC.app */;
			productType = "com.apple.product-type.application";
		};
/* End PBXNativeTarget section */

/* Begin PBXProject section */
		FAA61D6F2C0167A600C8682F /* Project object */ = {
			isa = PBXProject;
			attributes = {
				BuildIndependentTargetsInParallel = 1;
				LastSwiftUpdateCheck = 1540;
				LastUpgradeCheck = 1540;
				TargetAttributes = {
					FAA61D762C0167A600C8682F = {
						CreatedOnToolsVersion = 15.4;
					};
				};
			};
			buildConfigurationList = FAA61D722C0167A600C8682F /* Build configuration list for PBXProject "SimpleNFC" */;
			compatibilityVersion = "Xcode 14.0";
			developmentRegion = en;
			hasScannedForEncodings = 0;
			knownRegions = (
				en,
				Base,
			);
			mainGroup = FAA61D6E2C0167A600C8682F;
			productRefGroup = FAA61D782C0167A600C8682F /* Products */;
			projectDirPath = "";
			projectRoot = "";
			targets = (
				FAA61D762C0167A600C8682F /* SimpleNFC */,
			);
		};
/* End PBXProject section */

/* Begin PBXResourcesBuildPhase section */
		FAA61D752C0167A600C8682F /* Resources */ = {
			isa = PBXResourcesBuildPhase;
			buildActionMask = 2147483647;
			files = (
				FAA61D822C0167A800C8682F /* Preview Assets.xcassets in Resources */,
				FAA61D7F2C0167A800C8682F /* Assets.xcassets in Resources */,
			);
			runOnlyForDeploymentPostprocessing = 0;
		};
/* End PBXResourcesBuildPhase section */

/* Begin PBXSourcesBuildPhase section */
		FAA61D732C0167A600C8682F /* Sources */ = {
			isa = PBXSourcesBuildPhase;
			buildActionMask = 2147483647;
			files = (
				FAA61D982C04504500C8682F /* ToggleModeView.swift in Sources */,
				FAA61D842C0167A800C8682F /* Persistence.swift in Sources */,
				FAA61D922C01A77800C8682F /* HomeViewModel.swift in Sources */,
				FAA61D7D2C0167A600C8682F /* HomeView.swift in Sources */,
				FAA61DAD2C068F5100C8682F /* NFCDataCellView.swift in Sources */,
				FAA61D7B2C0167A600C8682F /* SimpleNFCApp.swift in Sources */,
				FAA61DA82C06839A00C8682F /* DetailedNFCViewModel.swift in Sources */,
				FAA61DA32C066C6300C8682F /* DetailedNFCView.swift in Sources */,
				FAA61D872C0167A800C8682F /* SimpleNFC.xcdatamodeld in Sources */,
				FAA61DA12C0667EF00C8682F /* XDismissButton.swift in Sources */,
				FAA61D942C01A9B800C8682F /* Alert.swift in Sources */,
				FAA61DA52C066DDB00C8682F /* MockData.swift in Sources */,
				FAA61DB22C07DFBE00C8682F /* EmptyStateView.swift in Sources */,
				FAA61DB02C06A6A600C8682F /* CurrentNDEFMessage.swift in Sources */,
			);
			runOnlyForDeploymentPostprocessing = 0;
		};
/* End PBXSourcesBuildPhase section */

/* Begin XCBuildConfiguration section */
		FAA61D882C0167A800C8682F /* Debug */ = {
			isa = XCBuildConfiguration;
			buildSettings = {
				ALWAYS_SEARCH_USER_PATHS = NO;
				ASSETCATALOG_COMPILER_GENERATE_SWIFT_ASSET_SYMBOL_EXTENSIONS = YES;
				CLANG_ANALYZER_NONNULL = YES;
				CLANG_ANALYZER_NUMBER_OBJECT_CONVERSION = YES_AGGRESSIVE;
				CLANG_CXX_LANGUAGE_STANDARD = "gnu++20";
				CLANG_ENABLE_MODULES = YES;
				CLANG_ENABLE_OBJC_ARC = YES;
				CLANG_ENABLE_OBJC_WEAK = YES;
				CLANG_WARN_BLOCK_CAPTURE_AUTORELEASING = YES;
				CLANG_WARN_BOOL_CONVERSION = YES;
				CLANG_WARN_COMMA = YES;
				CLANG_WARN_CONSTANT_CONVERSION = YES;
				CLANG_WARN_DEPRECATED_OBJC_IMPLEMENTATIONS = YES;
				CLANG_WARN_DIRECT_OBJC_ISA_USAGE = YES_ERROR;
				CLANG_WARN_DOCUMENTATION_COMMENTS = YES;
				CLANG_WARN_EMPTY_BODY = YES;
				CLANG_WARN_ENUM_CONVERSION = YES;
				CLANG_WARN_INFINITE_RECURSION = YES;
				CLANG_WARN_INT_CONVERSION = YES;
				CLANG_WARN_NON_LITERAL_NULL_CONVERSION = YES;
				CLANG_WARN_OBJC_IMPLICIT_RETAIN_SELF = YES;
				CLANG_WARN_OBJC_LITERAL_CONVERSION = YES;
				CLANG_WARN_OBJC_ROOT_CLASS = YES_ERROR;
				CLANG_WARN_QUOTED_INCLUDE_IN_FRAMEWORK_HEADER = YES;
				CLANG_WARN_RANGE_LOOP_ANALYSIS = YES;
				CLANG_WARN_STRICT_PROTOTYPES = YES;
				CLANG_WARN_SUSPICIOUS_MOVE = YES;
				CLANG_WARN_UNGUARDED_AVAILABILITY = YES_AGGRESSIVE;
				CLANG_WARN_UNREACHABLE_CODE = YES;
				CLANG_WARN__DUPLICATE_METHOD_MATCH = YES;
				COPY_PHASE_STRIP = NO;
				DEBUG_INFORMATION_FORMAT = dwarf;
				ENABLE_STRICT_OBJC_MSGSEND = YES;
				ENABLE_TESTABILITY = YES;
				ENABLE_USER_SCRIPT_SANDBOXING = YES;
				GCC_C_LANGUAGE_STANDARD = gnu17;
				GCC_DYNAMIC_NO_PIC = NO;
				GCC_NO_COMMON_BLOCKS = YES;
				GCC_OPTIMIZATION_LEVEL = 0;
				GCC_PREPROCESSOR_DEFINITIONS = (
					"DEBUG=1",
					"$(inherited)",
				);
				GCC_WARN_64_TO_32_BIT_CONVERSION = YES;
				GCC_WARN_ABOUT_RETURN_TYPE = YES_ERROR;
				GCC_WARN_UNDECLARED_SELECTOR = YES;
				GCC_WARN_UNINITIALIZED_AUTOS = YES_AGGRESSIVE;
				GCC_WARN_UNUSED_FUNCTION = YES;
				GCC_WARN_UNUSED_VARIABLE = YES;
				IPHONEOS_DEPLOYMENT_TARGET = 17.5;
				LOCALIZATION_PREFERS_STRING_CATALOGS = YES;
				MTL_ENABLE_DEBUG_INFO = INCLUDE_SOURCE;
				MTL_FAST_MATH = YES;
				ONLY_ACTIVE_ARCH = YES;
				SDKROOT = iphoneos;
				SWIFT_ACTIVE_COMPILATION_CONDITIONS = "DEBUG $(inherited)";
				SWIFT_OPTIMIZATION_LEVEL = "-Onone";
			};
			name = Debug;
		};
		FAA61D892C0167A800C8682F /* Release */ = {
			isa = XCBuildConfiguration;
			buildSettings = {
				ALWAYS_SEARCH_USER_PATHS = NO;
				ASSETCATALOG_COMPILER_GENERATE_SWIFT_ASSET_SYMBOL_EXTENSIONS = YES;
				CLANG_ANALYZER_NONNULL = YES;
				CLANG_ANALYZER_NUMBER_OBJECT_CONVERSION = YES_AGGRESSIVE;
				CLANG_CXX_LANGUAGE_STANDARD = "gnu++20";
				CLANG_ENABLE_MODULES = YES;
				CLANG_ENABLE_OBJC_ARC = YES;
				CLANG_ENABLE_OBJC_WEAK = YES;
				CLANG_WARN_BLOCK_CAPTURE_AUTORELEASING = YES;
				CLANG_WARN_BOOL_CONVERSION = YES;
				CLANG_WARN_COMMA = YES;
				CLANG_WARN_CONSTANT_CONVERSION = YES;
				CLANG_WARN_DEPRECATED_OBJC_IMPLEMENTATIONS = YES;
				CLANG_WARN_DIRECT_OBJC_ISA_USAGE = YES_ERROR;
				CLANG_WARN_DOCUMENTATION_COMMENTS = YES;
				CLANG_WARN_EMPTY_BODY = YES;
				CLANG_WARN_ENUM_CONVERSION = YES;
				CLANG_WARN_INFINITE_RECURSION = YES;
				CLANG_WARN_INT_CONVERSION = YES;
				CLANG_WARN_NON_LITERAL_NULL_CONVERSION = YES;
				CLANG_WARN_OBJC_IMPLICIT_RETAIN_SELF = YES;
				CLANG_WARN_OBJC_LITERAL_CONVERSION = YES;
				CLANG_WARN_OBJC_ROOT_CLASS = YES_ERROR;
				CLANG_WARN_QUOTED_INCLUDE_IN_FRAMEWORK_HEADER = YES;
				CLANG_WARN_RANGE_LOOP_ANALYSIS = YES;
				CLANG_WARN_STRICT_PROTOTYPES = YES;
				CLANG_WARN_SUSPICIOUS_MOVE = YES;
				CLANG_WARN_UNGUARDED_AVAILABILITY = YES_AGGRESSIVE;
				CLANG_WARN_UNREACHABLE_CODE = YES;
				CLANG_WARN__DUPLICATE_METHOD_MATCH = YES;
				COPY_PHASE_STRIP = NO;
				DEBUG_INFORMATION_FORMAT = "dwarf-with-dsym";
				ENABLE_NS_ASSERTIONS = NO;
				ENABLE_STRICT_OBJC_MSGSEND = YES;
				ENABLE_USER_SCRIPT_SANDBOXING = YES;
				GCC_C_LANGUAGE_STANDARD = gnu17;
				GCC_NO_COMMON_BLOCKS = YES;
				GCC_WARN_64_TO_32_BIT_CONVERSION = YES;
				GCC_WARN_ABOUT_RETURN_TYPE = YES_ERROR;
				GCC_WARN_UNDECLARED_SELECTOR = YES;
				GCC_WARN_UNINITIALIZED_AUTOS = YES_AGGRESSIVE;
				GCC_WARN_UNUSED_FUNCTION = YES;
				GCC_WARN_UNUSED_VARIABLE = YES;
				IPHONEOS_DEPLOYMENT_TARGET = 17.5;
				LOCALIZATION_PREFERS_STRING_CATALOGS = YES;
				MTL_ENABLE_DEBUG_INFO = NO;
				MTL_FAST_MATH = YES;
				SDKROOT = iphoneos;
				SWIFT_COMPILATION_MODE = wholemodule;
				VALIDATE_PRODUCT = YES;
			};
			name = Release;
		};
		FAA61D8B2C0167A800C8682F /* Debug */ = {
			isa = XCBuildConfiguration;
			buildSettings = {
				ASSETCATALOG_COMPILER_APPICON_NAME = AppIcon;
				ASSETCATALOG_COMPILER_GLOBAL_ACCENT_COLOR_NAME = AccentColor;
				CODE_SIGN_ENTITLEMENTS = SimpleNFC/SimpleNFC.entitlements;
				CODE_SIGN_STYLE = Automatic;
				CURRENT_PROJECT_VERSION = 1;
				DEVELOPMENT_ASSET_PATHS = "\"SimpleNFC/Preview Content\"";
				DEVELOPMENT_TEAM = N4BW4883W5;
				ENABLE_PREVIEWS = YES;
				GENERATE_INFOPLIST_FILE = YES;
				INFOPLIST_FILE = SimpleNFC/Info.plist;
				INFOPLIST_KEY_CFBundleDisplayName = "Simple NFC";
				INFOPLIST_KEY_LSApplicationCategoryType = "public.app-category.utilities";
				INFOPLIST_KEY_NFCReaderUsageDescription = "Need NFC capabilities to read and write to NFC cards and readers.";
				INFOPLIST_KEY_UIApplicationSceneManifest_Generation = YES;
				INFOPLIST_KEY_UIApplicationSupportsIndirectInputEvents = YES;
				INFOPLIST_KEY_UILaunchScreen_Generation = YES;
				INFOPLIST_KEY_UIRequiresFullScreen = YES;
				INFOPLIST_KEY_UISupportedInterfaceOrientations = UIInterfaceOrientationPortrait;
				IPHONEOS_DEPLOYMENT_TARGET = 15.0;
				LD_RUNPATH_SEARCH_PATHS = (
					"$(inherited)",
					"@executable_path/Frameworks",
				);
				MARKETING_VERSION = 1.0;
				PRODUCT_BUNDLE_IDENTIFIER = alexhuang.SimpleNFC;
				PRODUCT_NAME = "$(TARGET_NAME)";
				SUPPORTED_PLATFORMS = "iphoneos iphonesimulator";
				SUPPORTS_MACCATALYST = NO;
				SUPPORTS_MAC_DESIGNED_FOR_IPHONE_IPAD = NO;
				SUPPORTS_XR_DESIGNED_FOR_IPHONE_IPAD = NO;
				SWIFT_EMIT_LOC_STRINGS = YES;
				SWIFT_VERSION = 5.0;
				TARGETED_DEVICE_FAMILY = "1,2";
			};
			name = Debug;
		};
		FAA61D8C2C0167A800C8682F /* Release */ = {
			isa = XCBuildConfiguration;
			buildSettings = {
				ASSETCATALOG_COMPILER_APPICON_NAME = AppIcon;
				ASSETCATALOG_COMPILER_GLOBAL_ACCENT_COLOR_NAME = AccentColor;
				CODE_SIGN_ENTITLEMENTS = SimpleNFC/SimpleNFC.entitlements;
				CODE_SIGN_STYLE = Automatic;
				CURRENT_PROJECT_VERSION = 1;
				DEVELOPMENT_ASSET_PATHS = "\"SimpleNFC/Preview Content\"";
				DEVELOPMENT_TEAM = N4BW4883W5;
				ENABLE_PREVIEWS = YES;
				GENERATE_INFOPLIST_FILE = YES;
				INFOPLIST_FILE = SimpleNFC/Info.plist;
				INFOPLIST_KEY_CFBundleDisplayName = "Simple NFC";
				INFOPLIST_KEY_LSApplicationCategoryType = "public.app-category.utilities";
				INFOPLIST_KEY_NFCReaderUsageDescription = "Need NFC capabilities to read and write to NFC cards and readers.";
				INFOPLIST_KEY_UIApplicationSceneManifest_Generation = YES;
				INFOPLIST_KEY_UIApplicationSupportsIndirectInputEvents = YES;
				INFOPLIST_KEY_UILaunchScreen_Generation = YES;
				INFOPLIST_KEY_UIRequiresFullScreen = YES;
				INFOPLIST_KEY_UISupportedInterfaceOrientations = UIInterfaceOrientationPortrait;
				IPHONEOS_DEPLOYMENT_TARGET = 15.0;
				LD_RUNPATH_SEARCH_PATHS = (
					"$(inherited)",
					"@executable_path/Frameworks",
				);
				MARKETING_VERSION = 1.0;
				PRODUCT_BUNDLE_IDENTIFIER = alexhuang.SimpleNFC;
				PRODUCT_NAME = "$(TARGET_NAME)";
				SUPPORTED_PLATFORMS = "iphoneos iphonesimulator";
				SUPPORTS_MACCATALYST = NO;
				SUPPORTS_MAC_DESIGNED_FOR_IPHONE_IPAD = NO;
				SUPPORTS_XR_DESIGNED_FOR_IPHONE_IPAD = NO;
				SWIFT_EMIT_LOC_STRINGS = YES;
				SWIFT_VERSION = 5.0;
				TARGETED_DEVICE_FAMILY = "1,2";
			};
			name = Release;
		};
/* End XCBuildConfiguration section */

/* Begin XCConfigurationList section */
		FAA61D722C0167A600C8682F /* Build configuration list for PBXProject "SimpleNFC" */ = {
			isa = XCConfigurationList;
			buildConfigurations = (
				FAA61D882C0167A800C8682F /* Debug */,
				FAA61D892C0167A800C8682F /* Release */,
			);
			defaultConfigurationIsVisible = 0;
			defaultConfigurationName = Release;
		};
		FAA61D8A2C0167A800C8682F /* Build configuration list for PBXNativeTarget "SimpleNFC" */ = {
			isa = XCConfigurationList;
			buildConfigurations = (
				FAA61D8B2C0167A800C8682F /* Debug */,
				FAA61D8C2C0167A800C8682F /* Release */,
			);
			defaultConfigurationIsVisible = 0;
			defaultConfigurationName = Release;
		};
/* End XCConfigurationList section */

/* Begin XCVersionGroup section */
		FAA61D852C0167A800C8682F /* SimpleNFC.xcdatamodeld */ = {
			isa = XCVersionGroup;
			children = (
				FAA61D862C0167A800C8682F /* SimpleNFC.xcdatamodel */,
			);
			currentVersion = FAA61D862C0167A800C8682F /* SimpleNFC.xcdatamodel */;
			path = SimpleNFC.xcdatamodeld;
			sourceTree = "<group>";
			versionGroupType = wrapper.xcdatamodel;
		};
/* End XCVersionGroup section */
	};
	rootObject = FAA61D6F2C0167A600C8682F /* Project object */;
}
